
Microsoft Visual Studio Solution File, Format Version 12.00
# Visual Studio 2013
VisualStudioVersion = 12.0.30110.0
MinimumVisualStudioVersion = 10.0.40219.1
Project("{FAE04EC0-301F-11D3-BF4B-00C04F79EFBC}") = "ReloadSignal", "ReloadSignal\ReloadSignal.csproj", "{5FCF2DAB-9785-46F1-B438-13C2ABE21DFE}"
EndProject
Project("{FAE04EC0-301F-11D3-BF4B-00C04F79EFBC}") = "ClientApplication", "ClientApplication\ClientApplication.csproj", "{1CE5909C-34AD-4C0E-B956-7D5B93BB7E7D}"
EndProject
Project("{2150E333-8FDC-42A3-9474-1A3956D46DE8}") = ".nuget", ".nuget", "{983D7A4C-6E25-4C12-8612-49E1CE2BD47F}"
	ProjectSection(SolutionItems) = preProject
		.nuget\NuGet.Config = .nuget\NuGet.Config
		.nuget\NuGet.exe = .nuget\NuGet.exe
		.nuget\NuGet.targets = .nuget\NuGet.targets
	EndProjectSection
EndProject
Global
	GlobalSection(SolutionConfigurationPlatforms) = preSolution
		Debug|Any CPU = Debug|Any CPU
		Release|Any CPU = Release|Any CPU
	EndGlobalSection
	GlobalSection(ProjectConfigurationPlatforms) = postSolution
		{5FCF2DAB-9785-46F1-B438-13C2ABE21DFE}.Debug|Any CPU.ActiveCfg = Debug|Any CPU
		{5FCF2DAB-9785-46F1-B438-13C2ABE21DFE}.Debug|Any CPU.Build.0 = Debug|Any CPU
		{5FCF2DAB-9785-46F1-B438-13C2ABE21DFE}.Release|Any CPU.ActiveCfg = Release|Any CPU
		{5FCF2DAB-9785-46F1-B438-13C2ABE21DFE}.Release|Any CPU.Build.0 = Release|Any CPU
		{1CE5909C-34AD-4C0E-B956-7D5B93BB7E7D}.Debug|Any CPU.ActiveCfg = Debug|Any CPU
		{1CE5909C-34AD-4C0E-B956-7D5B93BB7E7D}.Debug|Any CPU.Build.0 = Debug|Any CPU
		{1CE5909C-34AD-4C0E-B956-7D5B93BB7E7D}.Release|Any CPU.ActiveCfg = Release|Any CPU
		{1CE5909C-34AD-4C0E-B956-7D5B93BB7E7D}.Release|Any CPU.Build.0 = Release|Any CPU
	EndGlobalSection
	GlobalSection(SolutionProperties) = preSolution
		HideSolutionNode = FALSE
	EndGlobalSection
EndGlobal
